
Microsoft Visual Studio Solution File, Format Version 12.00
# Visual Studio Version 16
VisualStudioVersion = 16.0.30804.86
MinimumVisualStudioVersion = 10.0.40219.1
Project("{9A19103F-16F7-4668-BE54-9A1E7A4F7556}") = "Tohou Project", "Tohou Project\Tohou Project.csproj", "{999D72EA-0B05-442D-9B71-278CC655FE9D}"
EndProject
Project("{9A19103F-16F7-4668-BE54-9A1E7A4F7556}") = "XUnitTestTohouProject", "XUnitTestTohouProject\XUnitTestTohouProject.csproj", "{E5C59D13-C809-466F-A893-A5C6EAE6EB44}"
EndProject
Project("{FAE04EC0-301F-11D3-BF4B-00C04F79EFBC}") = "DirectoryResource", "DirectoryResource\DirectoryResource.csproj", "{220EE271-FE18-4128-AB15-E9525CAA3A64}"
EndProject
Global
	GlobalSection(SolutionConfigurationPlatforms) = preSolution
		Debug|Any CPU = Debug|Any CPU
		Release|Any CPU = Release|Any CPU
	EndGlobalSection
	GlobalSection(ProjectConfigurationPlatforms) = postSolution
		{999D72EA-0B05-442D-9B71-278CC655FE9D}.Debug|Any CPU.ActiveCfg = Debug|Any CPU
		{999D72EA-0B05-442D-9B71-278CC655FE9D}.Debug|Any CPU.Build.0 = Debug|Any CPU
		{999D72EA-0B05-442D-9B71-278CC655FE9D}.Release|Any CPU.ActiveCfg = Release|Any CPU
		{999D72EA-0B05-442D-9B71-278CC655FE9D}.Release|Any CPU.Build.0 = Release|Any CPU
		{E5C59D13-C809-466F-A893-A5C6EAE6EB44}.Debug|Any CPU.ActiveCfg = Debug|Any CPU
		{E5C59D13-C809-466F-A893-A5C6EAE6EB44}.Debug|Any CPU.Build.0 = Debug|Any CPU
		{E5C59D13-C809-466F-A893-A5C6EAE6EB44}.Release|Any CPU.ActiveCfg = Release|Any CPU
		{E5C59D13-C809-466F-A893-A5C6EAE6EB44}.Release|Any CPU.Build.0 = Release|Any CPU
		{220EE271-FE18-4128-AB15-E9525CAA3A64}.Debug|Any CPU.ActiveCfg = Debug|Any CPU
		{220EE271-FE18-4128-AB15-E9525CAA3A64}.Debug|Any CPU.Build.0 = Debug|Any CPU
		{220EE271-FE18-4128-AB15-E9525CAA3A64}.Release|Any CPU.ActiveCfg = Release|Any CPU
		{220EE271-FE18-4128-AB15-E9525CAA3A64}.Release|Any CPU.Build.0 = Release|Any CPU
	EndGlobalSection
	GlobalSection(SolutionProperties) = preSolution
		HideSolutionNode = FALSE
	EndGlobalSection
	GlobalSection(ExtensibilityGlobals) = postSolution
		SolutionGuid = {236AED2A-8B27-453C-BAFB-D4E6D0BDDC9E}
	EndGlobalSection
EndGlobal
